
Microsoft Visual Studio Solution File, Format Version 12.00
# Visual Studio Version 16
VisualStudioVersion = 16.0.33027.164
MinimumVisualStudioVersion = 10.0.40219.1
Project("{FAE04EC0-301F-11D3-BF4B-00C04F79EFBC}") = "QLPKNK", "QLPKNK.csproj", "{C717D8B5-349C-4D84-AA78-F594F7336F63}"
EndProject
Global
	GlobalSection(SolutionConfigurationPlatforms) = preSolution
		Debug|Any CPU = Debug|Any CPU
		Release|Any CPU = Release|Any CPU
	EndGlobalSection
	GlobalSection(ProjectConfigurationPlatforms) = postSolution
		{C717D8B5-349C-4D84-AA78-F594F7336F63}.Debug|Any CPU.ActiveCfg = Debug|Any CPU
		{C717D8B5-349C-4D84-AA78-F594F7336F63}.Debug|Any CPU.Build.0 = Debug|Any CPU
		{C717D8B5-349C-4D84-AA78-F594F7336F63}.Release|Any CPU.ActiveCfg = Release|Any CPU
		{C717D8B5-349C-4D84-AA78-F594F7336F63}.Release|Any CPU.Build.0 = Release|Any CPU
	EndGlobalSection
	GlobalSection(SolutionProperties) = preSolution
		HideSolutionNode = FALSE
	EndGlobalSection
	GlobalSection(ExtensibilityGlobals) = postSolution
		SolutionGuid = {370E4AFF-7410-4136-8F36-80563282AAB4}
	EndGlobalSection
EndGlobal
